
Microsoft Visual Studio Solution File, Format Version 12.00
# Visual Studio 14
VisualStudioVersion = 14.0.25420.1
MinimumVisualStudioVersion = 10.0.40219.1
Project("{FAE04EC0-301F-11D3-BF4B-00C04F79EFBC}") = "Blue", "BlueBox\Blue.csproj", "{7DCA547E-470C-4560-A352-563C3A3768AF}"
EndProject
Project("{2150E333-8FDC-42A3-9474-1A3956D46DE8}") = "Blue.Service", "Blue.Service", "{8453D75B-AE49-462C-993D-825AE1FCC0B7}"
EndProject
Project("{2150E333-8FDC-42A3-9474-1A3956D46DE8}") = "Blue.UI", "Blue.UI", "{4A5D5D27-DE65-4285-B7FC-6FD1D0F039A6}"
EndProject
Project("{2150E333-8FDC-42A3-9474-1A3956D46DE8}") = "Blue.DataAccess", "Blue.DataAccess", "{E350BF96-71B6-420A-A0FC-4C42A9A815D8}"
EndProject
Project("{FAE04EC0-301F-11D3-BF4B-00C04F79EFBC}") = "Blue.DataBase", "Blue.DataBase\Blue.DataBase.csproj", "{3046EE2F-3C2C-437F-877F-CB425C5DFB22}"
EndProject
Project("{FAE04EC0-301F-11D3-BF4B-00C04F79EFBC}") = "Blue.BLL", "Blue.BLL\Blue.BLL.csproj", "{C05B1F22-A3D6-4CF6-BCCB-B2213109678A}"
EndProject
Project("{FAE04EC0-301F-11D3-BF4B-00C04F79EFBC}") = "Blue.common", "Blue.common\Blue.common.csproj", "{49FB4606-8865-4E46-A633-1D1B099602F1}"
EndProject
Global
	GlobalSection(SolutionConfigurationPlatforms) = preSolution
		Debug|Any CPU = Debug|Any CPU
		Release|Any CPU = Release|Any CPU
	EndGlobalSection
	GlobalSection(ProjectConfigurationPlatforms) = postSolution
		{7DCA547E-470C-4560-A352-563C3A3768AF}.Debug|Any CPU.ActiveCfg = Debug|Any CPU
		{7DCA547E-470C-4560-A352-563C3A3768AF}.Debug|Any CPU.Build.0 = Debug|Any CPU
		{7DCA547E-470C-4560-A352-563C3A3768AF}.Release|Any CPU.ActiveCfg = Release|Any CPU
		{7DCA547E-470C-4560-A352-563C3A3768AF}.Release|Any CPU.Build.0 = Release|Any CPU
		{3046EE2F-3C2C-437F-877F-CB425C5DFB22}.Debug|Any CPU.ActiveCfg = Debug|Any CPU
		{3046EE2F-3C2C-437F-877F-CB425C5DFB22}.Debug|Any CPU.Build.0 = Debug|Any CPU
		{3046EE2F-3C2C-437F-877F-CB425C5DFB22}.Release|Any CPU.ActiveCfg = Release|Any CPU
		{3046EE2F-3C2C-437F-877F-CB425C5DFB22}.Release|Any CPU.Build.0 = Release|Any CPU
		{C05B1F22-A3D6-4CF6-BCCB-B2213109678A}.Debug|Any CPU.ActiveCfg = Debug|Any CPU
		{C05B1F22-A3D6-4CF6-BCCB-B2213109678A}.Debug|Any CPU.Build.0 = Debug|Any CPU
		{C05B1F22-A3D6-4CF6-BCCB-B2213109678A}.Release|Any CPU.ActiveCfg = Release|Any CPU
		{C05B1F22-A3D6-4CF6-BCCB-B2213109678A}.Release|Any CPU.Build.0 = Release|Any CPU
		{49FB4606-8865-4E46-A633-1D1B099602F1}.Debug|Any CPU.ActiveCfg = Debug|Any CPU
		{49FB4606-8865-4E46-A633-1D1B099602F1}.Debug|Any CPU.Build.0 = Debug|Any CPU
		{49FB4606-8865-4E46-A633-1D1B099602F1}.Release|Any CPU.ActiveCfg = Release|Any CPU
		{49FB4606-8865-4E46-A633-1D1B099602F1}.Release|Any CPU.Build.0 = Release|Any CPU
	EndGlobalSection
	GlobalSection(SolutionProperties) = preSolution
		HideSolutionNode = FALSE
	EndGlobalSection
	GlobalSection(NestedProjects) = preSolution
		{7DCA547E-470C-4560-A352-563C3A3768AF} = {4A5D5D27-DE65-4285-B7FC-6FD1D0F039A6}
		{3046EE2F-3C2C-437F-877F-CB425C5DFB22} = {E350BF96-71B6-420A-A0FC-4C42A9A815D8}
		{C05B1F22-A3D6-4CF6-BCCB-B2213109678A} = {8453D75B-AE49-462C-993D-825AE1FCC0B7}
		{49FB4606-8865-4E46-A633-1D1B099602F1} = {8453D75B-AE49-462C-993D-825AE1FCC0B7}
	EndGlobalSection
EndGlobal
